
Microsoft Visual Studio Solution File, Format Version 12.00
# Visual Studio Version 17
VisualStudioVersion = 17.3.32929.385
MinimumVisualStudioVersion = 10.0.40219.1
Project("{FAE04EC0-301F-11D3-BF4B-00C04F79EFBC}") = "Labwork3", "Labwork3\Labwork3.csproj", "{5EC785E7-1EDB-480B-AB53-FC2DC0BAE9DC}"
EndProject
Global
	GlobalSection(SolutionConfigurationPlatforms) = preSolution
		Debug|Any CPU = Debug|Any CPU
		Release|Any CPU = Release|Any CPU
	EndGlobalSection
	GlobalSection(ProjectConfigurationPlatforms) = postSolution
		{5EC785E7-1EDB-480B-AB53-FC2DC0BAE9DC}.Debug|Any CPU.ActiveCfg = Debug|Any CPU
		{5EC785E7-1EDB-480B-AB53-FC2DC0BAE9DC}.Debug|Any CPU.Build.0 = Debug|Any CPU
		{5EC785E7-1EDB-480B-AB53-FC2DC0BAE9DC}.Release|Any CPU.ActiveCfg = Release|Any CPU
		{5EC785E7-1EDB-480B-AB53-FC2DC0BAE9DC}.Release|Any CPU.Build.0 = Release|Any CPU
	EndGlobalSection
	GlobalSection(SolutionProperties) = preSolution
		HideSolutionNode = FALSE
	EndGlobalSection
	GlobalSection(ExtensibilityGlobals) = postSolution
		SolutionGuid = {4B585281-0CF4-4661-847C-800DE8137469}
	EndGlobalSection
EndGlobal
